
Microsoft Visual Studio Solution File, Format Version 12.00
# Visual Studio Version 16
VisualStudioVersion = 16.0.30523.141
MinimumVisualStudioVersion = 10.0.40219.1
Project("{FAE04EC0-301F-11D3-BF4B-00C04F79EFBC}") = "Assignment_3_4", "Assignment_3-4\Assignment_3_4.csproj", "{EA099887-FA36-4CD4-8A94-5DA447FF1583}"
EndProject
Global
	GlobalSection(SolutionConfigurationPlatforms) = preSolution
		Debug|Any CPU = Debug|Any CPU
		Release|Any CPU = Release|Any CPU
	EndGlobalSection
	GlobalSection(ProjectConfigurationPlatforms) = postSolution
		{EA099887-FA36-4CD4-8A94-5DA447FF1583}.Debug|Any CPU.ActiveCfg = Debug|Any CPU
		{EA099887-FA36-4CD4-8A94-5DA447FF1583}.Debug|Any CPU.Build.0 = Debug|Any CPU
		{EA099887-FA36-4CD4-8A94-5DA447FF1583}.Release|Any CPU.ActiveCfg = Release|Any CPU
		{EA099887-FA36-4CD4-8A94-5DA447FF1583}.Release|Any CPU.Build.0 = Release|Any CPU
	EndGlobalSection
	GlobalSection(SolutionProperties) = preSolution
		HideSolutionNode = FALSE
	EndGlobalSection
	GlobalSection(ExtensibilityGlobals) = postSolution
		SolutionGuid = {466CE4CA-7E79-4FB4-868E-E631BDA4E637}
	EndGlobalSection
EndGlobal
